# This file was autogenerated by Stack.
# You should not edit this file by hand.
# For more information, please see the documentation at:
#   https://docs.haskellstack.org/en/stable/lock_files

packages:
- completed:
    hackage: fixplate-0.1.8@sha256:5497a9990ba21619454fabf326febdfc6fcbc4e7b41bfda2e71954be8f2bac53,3508
    pantry-tree:
      size: 1697
      sha256: 9238b15bd4d4fa66adb567c4b12005e60b826a9fdd636d97096fe8418d4376b2
  original:
    hackage: fixplate-0.1.8@sha256:5497a9990ba21619454fabf326febdfc6fcbc4e7b41bfda2e71954be8f2bac53,3508
snapshots:
- completed:
    size: 524154
    url: https://raw.githubusercontent.com/commercialhaskell/stackage-snapshots/master/lts/14/20.yaml
    sha256: 2f5099f69ddb6abfe64400fe1e6a604e8e628f55e6837211cd70a81eb0a8fa4d
  original: lts-14.20
